
Microsoft Visual Studio Solution File, Format Version 12.00
# Visual Studio Version 16
VisualStudioVersion = 16.0.29509.3
MinimumVisualStudioVersion = 10.0.40219.1
Project("{FAE04EC0-301F-11D3-BF4B-00C04F79EFBC}") = "WordGame", "WordGame.csproj", "{D131EF8F-8226-4C9F-B521-99B7F27D185E}"
EndProject
Global
	GlobalSection(SolutionConfigurationPlatforms) = preSolution
		Debug|Any CPU = Debug|Any CPU
		Release|Any CPU = Release|Any CPU
	EndGlobalSection
	GlobalSection(ProjectConfigurationPlatforms) = postSolution
		{D131EF8F-8226-4C9F-B521-99B7F27D185E}.Debug|Any CPU.ActiveCfg = Debug|Any CPU
		{D131EF8F-8226-4C9F-B521-99B7F27D185E}.Debug|Any CPU.Build.0 = Debug|Any CPU
		{D131EF8F-8226-4C9F-B521-99B7F27D185E}.Release|Any CPU.ActiveCfg = Release|Any CPU
		{D131EF8F-8226-4C9F-B521-99B7F27D185E}.Release|Any CPU.Build.0 = Release|Any CPU
	EndGlobalSection
	GlobalSection(SolutionProperties) = preSolution
		HideSolutionNode = FALSE
	EndGlobalSection
	GlobalSection(ExtensibilityGlobals) = postSolution
		SolutionGuid = {E8AC69D7-3392-4FFF-9FBB-4A8EFA633C6C}
	EndGlobalSection
EndGlobal
